// !$*UTF8*$!
{
	archiveVersion = 1;
	classes = {
	};
	objectVersion = 46;
	objects = {

/* Begin PBXBuildFile section */
		003E7BB61D4CFEA700007C86 /* AppDelegate.swift in Sources */ = {isa = PBXBuildFile; fileRef = 003E7BB51D4CFEA700007C86 /* AppDelegate.swift */; };
		003E7BBB1D4CFEA700007C86 /* Main.storyboard in Resources */ = {isa = PBXBuildFile; fileRef = 003E7BB91D4CFEA700007C86 /* Main.storyboard */; };
		003E7BBD1D4CFEA700007C86 /* Assets.xcassets in Resources */ = {isa = PBXBuildFile; fileRef = 003E7BBC1D4CFEA700007C86 /* Assets.xcassets */; };
		003E7BC01D4CFEA700007C86 /* LaunchScreen.storyboard in Resources */ = {isa = PBXBuildFile; fileRef = 003E7BBE1D4CFEA700007C86 /* LaunchScreen.storyboard */; };
		003E7BC91D4CFF4000007C86 /* SunriseViewController.swift in Sources */ = {isa = PBXBuildFile; fileRef = 003E7BC81D4CFF4000007C86 /* SunriseViewController.swift */; };
		003E7BCD1D4D059800007C86 /* CoreLocation.framework in Frameworks */ = {isa = PBXBuildFile; fileRef = 003E7BCC1D4D059800007C86 /* CoreLocation.framework */; };
		991EAD5102D81E1E47366AC1 /* Pods_Rise_and_Shine.framework in Frameworks */ = {isa = PBXBuildFile; fileRef = 350907E36BD9303CC6EA8C6E /* Pods_Rise_and_Shine.framework */; };
/* End PBXBuildFile section */

/* Begin PBXFileReference section */
		003E7BB21D4CFEA700007C86 /* Rise and Shine.app */ = {isa = PBXFileReference; explicitFileType = wrapper.application; includeInIndex = 0; path = "Rise and Shine.app"; sourceTree = BUILT_PRODUCTS_DIR; };
		003E7BB51D4CFEA700007C86 /* AppDelegate.swift */ = {isa = PBXFileReference; lastKnownFileType = sourcecode.swift; path = AppDelegate.swift; sourceTree = "<group>"; };
		003E7BBA1D4CFEA700007C86 /* Base */ = {isa = PBXFileReference; lastKnownFileType = file.storyboard; name = Base; path = Base.lproj/Main.storyboard; sourceTree = "<group>"; };
		003E7BBC1D4CFEA700007C86 /* Assets.xcassets */ = {isa = PBXFileReference; lastKnownFileType = folder.assetcatalog; path = Assets.xcassets; sourceTree = "<group>"; };
		003E7BBF1D4CFEA700007C86 /* Base */ = {isa = PBXFileReference; lastKnownFileType = file.storyboard; name = Base; path = Base.lproj/LaunchScreen.storyboard; sourceTree = "<group>"; };
		003E7BC11D4CFEA700007C86 /* Info.plist */ = {isa = PBXFileReference; lastKnownFileType = text.plist.xml; path = Info.plist; sourceTree = "<group>"; };
		003E7BC81D4CFF4000007C86 /* SunriseViewController.swift */ = {isa = PBXFileReference; fileEncoding = 4; lastKnownFileType = sourcecode.swift; path = SunriseViewController.swift; sourceTree = "<group>"; };
		003E7BCC1D4D059800007C86 /* CoreLocation.framework */ = {isa = PBXFileReference; lastKnownFileType = wrapper.framework; name = CoreLocation.framework; path = System/Library/Frameworks/CoreLocation.framework; sourceTree = SDKROOT; };
		350907E36BD9303CC6EA8C6E /* Pods_Rise_and_Shine.framework */ = {isa = PBXFileReference; explicitFileType = wrapper.framework; includeInIndex = 0; path = Pods_Rise_and_Shine.framework; sourceTree = BUILT_PRODUCTS_DIR; };
		74C82F115FAFADEACB286119 /* Pods-Rise and Shine.release.xcconfig */ = {isa = PBXFileReference; includeInIndex = 1; lastKnownFileType = text.xcconfig; name = "Pods-Rise and Shine.release.xcconfig"; path = "Pods/Target Support Files/Pods-Rise and Shine/Pods-Rise and Shine.release.xcconfig"; sourceTree = "<group>"; };
		DA688DD396AC4829ADB7455F /* Pods-Rise and Shine.debug.xcconfig */ = {isa = PBXFileReference; includeInIndex = 1; lastKnownFileType = text.xcconfig; name = "Pods-Rise and Shine.debug.xcconfig"; path = "Pods/Target Support Files/Pods-Rise and Shine/Pods-Rise and Shine.debug.xcconfig"; sourceTree = "<group>"; };
/* End PBXFileReference section */

/* Begin PBXFrameworksBuildPhase section */
		003E7BAF1D4CFEA700007C86 /* Frameworks */ = {
			isa = PBXFrameworksBuildPhase;
			buildActionMask = 2147483647;
			files = (
				003E7BCD1D4D059800007C86 /* CoreLocation.framework in Frameworks */,
				991EAD5102D81E1E47366AC1 /* Pods_Rise_and_Shine.framework in Frameworks */,
			);
			runOnlyForDeploymentPostprocessing = 0;
		};
/* End PBXFrameworksBuildPhase section */

/* Begin PBXGroup section */
		003E7BA91D4CFEA700007C86 = {
			isa = PBXGroup;
			children = (
				003E7BB41D4CFEA700007C86 /* Rise and Shine */,
				003E7BB31D4CFEA700007C86 /* Products */,
				01166FD8705DF4C5E7ED9233 /* Pods */,
				6A69FED70406812335DA79E8 /* Frameworks */,
			);
			sourceTree = "<group>";
		};
		003E7BB31D4CFEA700007C86 /* Products */ = {
			isa = PBXGroup;
			children = (
				003E7BB21D4CFEA700007C86 /* Rise and Shine.app */,
			);
			name = Products;
			sourceTree = "<group>";
		};
		003E7BB41D4CFEA700007C86 /* Rise and Shine */ = {
			isa = PBXGroup;
			children = (
				003E7BB91D4CFEA700007C86 /* Main.storyboard */,
				003E7BC81D4CFF4000007C86 /* SunriseViewController.swift */,
				003E7BC71D4CFEC900007C86 /* Supporting Files */,
			);
			path = "Rise and Shine";
			sourceTree = "<group>";
		};
		003E7BC71D4CFEC900007C86 /* Supporting Files */ = {
			isa = PBXGroup;
			children = (
				003E7BB51D4CFEA700007C86 /* AppDelegate.swift */,
				003E7BBC1D4CFEA700007C86 /* Assets.xcassets */,
				003E7BBE1D4CFEA700007C86 /* LaunchScreen.storyboard */,
				003E7BC11D4CFEA700007C86 /* Info.plist */,
			);
			name = "Supporting Files";
			sourceTree = "<group>";
		};
		01166FD8705DF4C5E7ED9233 /* Pods */ = {
			isa = PBXGroup;
			children = (
				DA688DD396AC4829ADB7455F /* Pods-Rise and Shine.debug.xcconfig */,
				74C82F115FAFADEACB286119 /* Pods-Rise and Shine.release.xcconfig */,
			);
			name = Pods;
			sourceTree = "<group>";
		};
		6A69FED70406812335DA79E8 /* Frameworks */ = {
			isa = PBXGroup;
			children = (
				003E7BCC1D4D059800007C86 /* CoreLocation.framework */,
				350907E36BD9303CC6EA8C6E /* Pods_Rise_and_Shine.framework */,
			);
			name = Frameworks;
			sourceTree = "<group>";
		};
/* End PBXGroup section */

/* Begin PBXNativeTarget section */
		003E7BB11D4CFEA700007C86 /* Rise and Shine */ = {
			isa = PBXNativeTarget;
			buildConfigurationList = 003E7BC41D4CFEA700007C86 /* Build configuration list for PBXNativeTarget "Rise and Shine" */;
			buildPhases = (
				CA3825BF43D1791F5D90E7E5 /* 📦 Check Pods Manifest.lock */,
				003E7BAE1D4CFEA700007C86 /* Sources */,
				003E7BAF1D4CFEA700007C86 /* Frameworks */,
				003E7BB01D4CFEA700007C86 /* Resources */,
				FB24CDD5B101CD547C6ADF8F /* 📦 Embed Pods Frameworks */,
				E247D5B0307B452EDA9F8589 /* 📦 Copy Pods Resources */,
			);
			buildRules = (
			);
			dependencies = (
			);
			name = "Rise and Shine";
			productName = "Rise and Shine";
			productReference = 003E7BB21D4CFEA700007C86 /* Rise and Shine.app */;
			productType = "com.apple.product-type.application";
		};
/* End PBXNativeTarget section */

/* Begin PBXProject section */
		003E7BAA1D4CFEA700007C86 /* Project object */ = {
			isa = PBXProject;
			attributes = {
				LastSwiftUpdateCheck = 0730;
				LastUpgradeCheck = 0730;
				ORGANIZATIONNAME = "jeffrey dinh";
				TargetAttributes = {
					003E7BB11D4CFEA700007C86 = {
						CreatedOnToolsVersion = 7.3.1;
						SystemCapabilities = {
							com.apple.Maps.iOS = {
								enabled = 0;
							};
						};
					};
				};
			};
			buildConfigurationList = 003E7BAD1D4CFEA700007C86 /* Build configuration list for PBXProject "Rise and Shine" */;
			compatibilityVersion = "Xcode 3.2";
			developmentRegion = English;
			hasScannedForEncodings = 0;
			knownRegions = (
				en,
				Base,
			);
			mainGroup = 003E7BA91D4CFEA700007C86;
			productRefGroup = 003E7BB31D4CFEA700007C86 /* Products */;
			projectDirPath = "";
			projectRoot = "";
			targets = (
				003E7BB11D4CFEA700007C86 /* Rise and Shine */,
			);
		};
/* End PBXProject section */

/* Begin PBXResourcesBuildPhase section */
		003E7BB01D4CFEA700007C86 /* Resources */ = {
			isa = PBXResourcesBuildPhase;
			buildActionMask = 2147483647;
			files = (
				003E7BC01D4CFEA700007C86 /* LaunchScreen.storyboard in Resources */,
				003E7BBD1D4CFEA700007C86 /* Assets.xcassets in Resources */,
				003E7BBB1D4CFEA700007C86 /* Main.storyboard in Resources */,
			);
			runOnlyForDeploymentPostprocessing = 0;
		};
/* End PBXResourcesBuildPhase section */

/* Begin PBXShellScriptBuildPhase section */
		CA3825BF43D1791F5D90E7E5 /* 📦 Check Pods Manifest.lock */ = {
			isa = PBXShellScriptBuildPhase;
			buildActionMask = 2147483647;
			files = (
			);
			inputPaths = (
			);
			name = "📦 Check Pods Manifest.lock";
			outputPaths = (
			);
			runOnlyForDeploymentPostprocessing = 0;
			shellPath = /bin/sh;
			shellScript = "diff \"${PODS_ROOT}/../Podfile.lock\" \"${PODS_ROOT}/Manifest.lock\" > /dev/null\nif [[ $? != 0 ]] ; then\n    cat << EOM\nerror: The sandbox is not in sync with the Podfile.lock. Run 'pod install' or update your CocoaPods installation.\nEOM\n    exit 1\nfi\n";
			showEnvVarsInLog = 0;
		};
		E247D5B0307B452EDA9F8589 /* 📦 Copy Pods Resources */ = {
			isa = PBXShellScriptBuildPhase;
			buildActionMask = 2147483647;
			files = (
			);
			inputPaths = (
			);
			name = "📦 Copy Pods Resources";
			outputPaths = (
			);
			runOnlyForDeploymentPostprocessing = 0;
			shellPath = /bin/sh;
			shellScript = "\"${SRCROOT}/Pods/Target Support Files/Pods-Rise and Shine/Pods-Rise and Shine-resources.sh\"\n";
			showEnvVarsInLog = 0;
		};
		FB24CDD5B101CD547C6ADF8F /* 📦 Embed Pods Frameworks */ = {
			isa = PBXShellScriptBuildPhase;
			buildActionMask = 2147483647;
			files = (
			);
			inputPaths = (
			);
			name = "📦 Embed Pods Frameworks";
			outputPaths = (
			);
			runOnlyForDeploymentPostprocessing = 0;
			shellPath = /bin/sh;
			shellScript = "\"${SRCROOT}/Pods/Target Support Files/Pods-Rise and Shine/Pods-Rise and Shine-frameworks.sh\"\n";
			showEnvVarsInLog = 0;
		};
/* End PBXShellScriptBuildPhase section */

/* Begin PBXSourcesBuildPhase section */
		003E7BAE1D4CFEA700007C86 /* Sources */ = {
			isa = PBXSourcesBuildPhase;
			buildActionMask = 2147483647;
			files = (
				003E7BC91D4CFF4000007C86 /* SunriseViewController.swift in Sources */,
				003E7BB61D4CFEA700007C86 /* AppDelegate.swift in Sources */,
			);
			runOnlyForDeploymentPostprocessing = 0;
		};
/* End PBXSourcesBuildPhase section */

/* Begin PBXVariantGroup section */
		003E7BB91D4CFEA700007C86 /* Main.storyboard */ = {
			isa = PBXVariantGroup;
			children = (
				003E7BBA1D4CFEA700007C86 /* Base */,
			);
			name = Main.storyboard;
			sourceTree = "<group>";
		};
		003E7BBE1D4CFEA700007C86 /* LaunchScreen.storyboard */ = {
			isa = PBXVariantGroup;
			children = (
				003E7BBF1D4CFEA700007C86 /* Base */,
			);
			name = LaunchScreen.storyboard;
			sourceTree = "<group>";
		};
/* End PBXVariantGroup section */

/* Begin XCBuildConfiguration section */
		003E7BC21D4CFEA700007C86 /* Debug */ = {
			isa = XCBuildConfiguration;
			buildSettings = {
				ALWAYS_SEARCH_USER_PATHS = NO;
				CLANG_ANALYZER_NONNULL = YES;
				CLANG_CXX_LANGUAGE_STANDARD = "gnu++0x";
				CLANG_CXX_LIBRARY = "libc++";
				CLANG_ENABLE_MODULES = YES;
				CLANG_ENABLE_OBJC_ARC = YES;
				CLANG_WARN_BOOL_CONVERSION = YES;
				CLANG_WARN_CONSTANT_CONVERSION = YES;
				CLANG_WARN_DIRECT_OBJC_ISA_USAGE = YES_ERROR;
				CLANG_WARN_EMPTY_BODY = YES;
				CLANG_WARN_ENUM_CONVERSION = YES;
				CLANG_WARN_INT_CONVERSION = YES;
				CLANG_WARN_OBJC_ROOT_CLASS = YES_ERROR;
				CLANG_WARN_UNREACHABLE_CODE = YES;
				CLANG_WARN__DUPLICATE_METHOD_MATCH = YES;
				"CODE_SIGN_IDENTITY[sdk=iphoneos*]" = "iPhone Developer";
				COPY_PHASE_STRIP = NO;
				DEBUG_INFORMATION_FORMAT = dwarf;
				ENABLE_STRICT_OBJC_MSGSEND = YES;
				ENABLE_TESTABILITY = YES;
				GCC_C_LANGUAGE_STANDARD = gnu99;
				GCC_DYNAMIC_NO_PIC = NO;
				GCC_NO_COMMON_BLOCKS = YES;
				GCC_OPTIMIZATION_LEVEL = 0;
				GCC_PREPROCESSOR_DEFINITIONS = (
					"DEBUG=1",
					"$(inherited)",
				);
				GCC_WARN_64_TO_32_BIT_CONVERSION = YES;
				GCC_WARN_ABOUT_RETURN_TYPE = YES_ERROR;
				GCC_WARN_UNDECLARED_SELECTOR = YES;
				GCC_WARN_UNINITIALIZED_AUTOS = YES_AGGRESSIVE;
				GCC_WARN_UNUSED_FUNCTION = YES;
				GCC_WARN_UNUSED_VARIABLE = YES;
				IPHONEOS_DEPLOYMENT_TARGET = 9.3;
				MTL_ENABLE_DEBUG_INFO = YES;
				ONLY_ACTIVE_ARCH = YES;
				SDKROOT = iphoneos;
				SWIFT_OPTIMIZATION_LEVEL = "-Onone";
				TARGETED_DEVICE_FAMILY = "1,2";
			};
			name = Debug;
		};
		003E7BC31D4CFEA700007C86 /* Release */ = {
			isa = XCBuildConfiguration;
			buildSettings = {
				ALWAYS_SEARCH_USER_PATHS = NO;
				CLANG_ANALYZER_NONNULL = YES;
				CLANG_CXX_LANGUAGE_STANDARD = "gnu++0x";
				CLANG_CXX_LIBRARY = "libc++";
				CLANG_ENABLE_MODULES = YES;
				CLANG_ENABLE_OBJC_ARC = YES;
				CLANG_WARN_BOOL_CONVERSION = YES;
				CLANG_WARN_CONSTANT_CONVERSION = YES;
				CLANG_WARN_DIRECT_OBJC_ISA_USAGE = YES_ERROR;
				CLANG_WARN_EMPTY_BODY = YES;
				CLANG_WARN_ENUM_CONVERSION = YES;
				CLANG_WARN_INT_CONVERSION = YES;
				CLANG_WARN_OBJC_ROOT_CLASS = YES_ERROR;
				CLANG_WARN_UNREACHABLE_CODE = YES;
				CLANG_WARN__DUPLICATE_METHOD_MATCH = YES;
				"CODE_SIGN_IDENTITY[sdk=iphoneos*]" = "iPhone Developer";
				COPY_PHASE_STRIP = NO;
				DEBUG_INFORMATION_FORMAT = "dwarf-with-dsym";
				ENABLE_NS_ASSERTIONS = NO;
				ENABLE_STRICT_OBJC_MSGSEND = YES;
				GCC_C_LANGUAGE_STANDARD = gnu99;
				GCC_NO_COMMON_BLOCKS = YES;
				GCC_WARN_64_TO_32_BIT_CONVERSION = YES;
				GCC_WARN_ABOUT_RETURN_TYPE = YES_ERROR;
				GCC_WARN_UNDECLARED_SELECTOR = YES;
				GCC_WARN_UNINITIALIZED_AUTOS = YES_AGGRESSIVE;
				GCC_WARN_UNUSED_FUNCTION = YES;
				GCC_WARN_UNUSED_VARIABLE = YES;
				IPHONEOS_DEPLOYMENT_TARGET = 9.3;
				MTL_ENABLE_DEBUG_INFO = NO;
				SDKROOT = iphoneos;
				TARGETED_DEVICE_FAMILY = "1,2";
				VALIDATE_PRODUCT = YES;
			};
			name = Release;
		};
		003E7BC51D4CFEA700007C86 /* Debug */ = {
			isa = XCBuildConfiguration;
			baseConfigurationReference = DA688DD396AC4829ADB7455F /* Pods-Rise and Shine.debug.xcconfig */;
			buildSettings = {
				ASSETCATALOG_COMPILER_APPICON_NAME = AppIcon;
				INFOPLIST_FILE = "Rise and Shine/Info.plist";
				LD_RUNPATH_SEARCH_PATHS = "$(inherited) @executable_path/Frameworks";
				PRODUCT_BUNDLE_IDENTIFIER = "Panera.Rise-and-Shine";
				PRODUCT_NAME = "$(TARGET_NAME)";
			};
			name = Debug;
		};
		003E7BC61D4CFEA700007C86 /* Release */ = {
			isa = XCBuildConfiguration;
			baseConfigurationReference = 74C82F115FAFADEACB286119 /* Pods-Rise and Shine.release.xcconfig */;
			buildSettings = {
				ASSETCATALOG_COMPILER_APPICON_NAME = AppIcon;
				INFOPLIST_FILE = "Rise and Shine/Info.plist";
				LD_RUNPATH_SEARCH_PATHS = "$(inherited) @executable_path/Frameworks";
				PRODUCT_BUNDLE_IDENTIFIER = "Panera.Rise-and-Shine";
				PRODUCT_NAME = "$(TARGET_NAME)";
			};
			name = Release;
		};
/* End XCBuildConfiguration section */

/* Begin XCConfigurationList section */
		003E7BAD1D4CFEA700007C86 /* Build configuration list for PBXProject "Rise and Shine" */ = {
			isa = XCConfigurationList;
			buildConfigurations = (
				003E7BC21D4CFEA700007C86 /* Debug */,
				003E7BC31D4CFEA700007C86 /* Release */,
			);
			defaultConfigurationIsVisible = 0;
			defaultConfigurationName = Release;
		};
		003E7BC41D4CFEA700007C86 /* Build configuration list for PBXNativeTarget "Rise and Shine" */ = {
			isa = XCConfigurationList;
			buildConfigurations = (
				003E7BC51D4CFEA700007C86 /* Debug */,
				003E7BC61D4CFEA700007C86 /* Release */,
			);
			defaultConfigurationIsVisible = 0;
			defaultConfigurationName = Release;
		};
/* End XCConfigurationList section */
	};
	rootObject = 003E7BAA1D4CFEA700007C86 /* Project object */;
}
